
Microsoft Visual Studio Solution File, Format Version 12.00
# Visual Studio 15
VisualStudioVersion = 15.0.27004.2006
MinimumVisualStudioVersion = 10.0.40219.1
Project("{FAE04EC0-301F-11D3-BF4B-00C04F79EFBC}") = "SocketServer", "SocketServer\SocketServer.csproj", "{C29A4E3B-2AFF-4269-9C5F-2582236FCC64}"
EndProject
Project("{FAE04EC0-301F-11D3-BF4B-00C04F79EFBC}") = "DsLib", "DsLib\DsLib.csproj", "{B50F4171-E8A4-4912-A624-E44B94890752}"
EndProject
Project("{FAE04EC0-301F-11D3-BF4B-00C04F79EFBC}") = "WebAPI", "WebAPI\WebAPI.csproj", "{22E008B5-731A-4B18-9F07-D4D3FD107A41}"
EndProject
Project("{FAE04EC0-301F-11D3-BF4B-00C04F79EFBC}") = "WebFrom", "WebFrom\WebFrom.csproj", "{E5537781-2DCC-414A-BC49-13E4F1DC8E38}"
EndProject
Project("{9A19103F-16F7-4668-BE54-9A1E7A4F7556}") = "CoreWebApi", "CoreWebApi\CoreWebApi.csproj", "{FA26E439-DFEF-4589-86F6-138398297086}"
EndProject
Project("{FAE04EC0-301F-11D3-BF4B-00C04F79EFBC}") = "LEDConsole", "LEDConsole\LEDConsole.csproj", "{6E8E5B88-12EF-4D4F-B28C-DC738714E3BA}"
EndProject
Project("{FAE04EC0-301F-11D3-BF4B-00C04F79EFBC}") = "MyCube", "MyCube\MyCube.csproj", "{EFA80313-CFD8-4D41-91F9-83E6D23370B2}"
EndProject
Global
	GlobalSection(SolutionConfigurationPlatforms) = preSolution
		Debug|Any CPU = Debug|Any CPU
		Release|Any CPU = Release|Any CPU
	EndGlobalSection
	GlobalSection(ProjectConfigurationPlatforms) = postSolution
		{C29A4E3B-2AFF-4269-9C5F-2582236FCC64}.Debug|Any CPU.ActiveCfg = Debug|Any CPU
		{C29A4E3B-2AFF-4269-9C5F-2582236FCC64}.Debug|Any CPU.Build.0 = Debug|Any CPU
		{C29A4E3B-2AFF-4269-9C5F-2582236FCC64}.Release|Any CPU.ActiveCfg = Release|Any CPU
		{C29A4E3B-2AFF-4269-9C5F-2582236FCC64}.Release|Any CPU.Build.0 = Release|Any CPU
		{B50F4171-E8A4-4912-A624-E44B94890752}.Debug|Any CPU.ActiveCfg = Debug|Any CPU
		{B50F4171-E8A4-4912-A624-E44B94890752}.Debug|Any CPU.Build.0 = Debug|Any CPU
		{B50F4171-E8A4-4912-A624-E44B94890752}.Release|Any CPU.ActiveCfg = Release|Any CPU
		{B50F4171-E8A4-4912-A624-E44B94890752}.Release|Any CPU.Build.0 = Release|Any CPU
		{22E008B5-731A-4B18-9F07-D4D3FD107A41}.Debug|Any CPU.ActiveCfg = Debug|Any CPU
		{22E008B5-731A-4B18-9F07-D4D3FD107A41}.Debug|Any CPU.Build.0 = Debug|Any CPU
		{22E008B5-731A-4B18-9F07-D4D3FD107A41}.Release|Any CPU.ActiveCfg = Release|Any CPU
		{22E008B5-731A-4B18-9F07-D4D3FD107A41}.Release|Any CPU.Build.0 = Release|Any CPU
		{E5537781-2DCC-414A-BC49-13E4F1DC8E38}.Debug|Any CPU.ActiveCfg = Debug|Any CPU
		{E5537781-2DCC-414A-BC49-13E4F1DC8E38}.Debug|Any CPU.Build.0 = Debug|Any CPU
		{E5537781-2DCC-414A-BC49-13E4F1DC8E38}.Release|Any CPU.ActiveCfg = Release|Any CPU
		{E5537781-2DCC-414A-BC49-13E4F1DC8E38}.Release|Any CPU.Build.0 = Release|Any CPU
		{FA26E439-DFEF-4589-86F6-138398297086}.Debug|Any CPU.ActiveCfg = Debug|Any CPU
		{FA26E439-DFEF-4589-86F6-138398297086}.Debug|Any CPU.Build.0 = Debug|Any CPU
		{FA26E439-DFEF-4589-86F6-138398297086}.Release|Any CPU.ActiveCfg = Release|Any CPU
		{FA26E439-DFEF-4589-86F6-138398297086}.Release|Any CPU.Build.0 = Release|Any CPU
		{6E8E5B88-12EF-4D4F-B28C-DC738714E3BA}.Debug|Any CPU.ActiveCfg = Debug|Any CPU
		{6E8E5B88-12EF-4D4F-B28C-DC738714E3BA}.Debug|Any CPU.Build.0 = Debug|Any CPU
		{6E8E5B88-12EF-4D4F-B28C-DC738714E3BA}.Release|Any CPU.ActiveCfg = Release|Any CPU
		{6E8E5B88-12EF-4D4F-B28C-DC738714E3BA}.Release|Any CPU.Build.0 = Release|Any CPU
		{EFA80313-CFD8-4D41-91F9-83E6D23370B2}.Debug|Any CPU.ActiveCfg = Debug|Any CPU
		{EFA80313-CFD8-4D41-91F9-83E6D23370B2}.Debug|Any CPU.Build.0 = Debug|Any CPU
		{EFA80313-CFD8-4D41-91F9-83E6D23370B2}.Release|Any CPU.ActiveCfg = Release|Any CPU
		{EFA80313-CFD8-4D41-91F9-83E6D23370B2}.Release|Any CPU.Build.0 = Release|Any CPU
	EndGlobalSection
	GlobalSection(SolutionProperties) = preSolution
		HideSolutionNode = FALSE
	EndGlobalSection
	GlobalSection(ExtensibilityGlobals) = postSolution
		SolutionGuid = {95FCAE42-E529-410E-90CA-F9998DEDA8DA}
	EndGlobalSection
EndGlobal
