
Microsoft Visual Studio Solution File, Format Version 12.00
# Visual Studio 15
VisualStudioVersion = 15.0.27004.2006
MinimumVisualStudioVersion = 10.0.40219.1
Project("{FAE04EC0-301F-11D3-BF4B-00C04F79EFBC}") = "SocketServer", "SocketServer\SocketServer.csproj", "{C29A4E3B-2AFF-4269-9C5F-2582236FCC64}"
EndProject
Project("{FAE04EC0-301F-11D3-BF4B-00C04F79EFBC}") = "DsLib", "DsLib\DsLib.csproj", "{B50F4171-E8A4-4912-A624-E44B94890752}"
EndProject
Global
	GlobalSection(SolutionConfigurationPlatforms) = preSolution
		Debug|Any CPU = Debug|Any CPU
		Release|Any CPU = Release|Any CPU
	EndGlobalSection
	GlobalSection(ProjectConfigurationPlatforms) = postSolution
		{C29A4E3B-2AFF-4269-9C5F-2582236FCC64}.Debug|Any CPU.ActiveCfg = Debug|Any CPU
		{C29A4E3B-2AFF-4269-9C5F-2582236FCC64}.Debug|Any CPU.Build.0 = Debug|Any CPU
		{C29A4E3B-2AFF-4269-9C5F-2582236FCC64}.Release|Any CPU.ActiveCfg = Release|Any CPU
		{C29A4E3B-2AFF-4269-9C5F-2582236FCC64}.Release|Any CPU.Build.0 = Release|Any CPU
		{B50F4171-E8A4-4912-A624-E44B94890752}.Debug|Any CPU.ActiveCfg = Debug|Any CPU
		{B50F4171-E8A4-4912-A624-E44B94890752}.Debug|Any CPU.Build.0 = Debug|Any CPU
		{B50F4171-E8A4-4912-A624-E44B94890752}.Release|Any CPU.ActiveCfg = Release|Any CPU
		{B50F4171-E8A4-4912-A624-E44B94890752}.Release|Any CPU.Build.0 = Release|Any CPU
	EndGlobalSection
	GlobalSection(SolutionProperties) = preSolution
		HideSolutionNode = FALSE
	EndGlobalSection
	GlobalSection(ExtensibilityGlobals) = postSolution
		SolutionGuid = {95FCAE42-E529-410E-90CA-F9998DEDA8DA}
	EndGlobalSection
EndGlobal
